// !$*UTF8*$!
{
	archiveVersion = 1;
	classes = {
	};
	objectVersion = 56;
	objects = {

/* Begin PBXBuildFile section */
		6007B58B299F564E003ACB60 /* TabBarView.swift in Sources */ = {isa = PBXBuildFile; fileRef = 6007B58A299F564E003ACB60 /* TabBarView.swift */; };
		6007B58D299F5688003ACB60 /* TabBarItem.swift in Sources */ = {isa = PBXBuildFile; fileRef = 6007B58C299F5688003ACB60 /* TabBarItem.swift */; };
		6007B590299F82AC003ACB60 /* SpendHistoryView.swift in Sources */ = {isa = PBXBuildFile; fileRef = 6007B58F299F82AC003ACB60 /* SpendHistoryView.swift */; };
		6007B592299F84AB003ACB60 /* SpendHistoryCell.swift in Sources */ = {isa = PBXBuildFile; fileRef = 6007B591299F84AB003ACB60 /* SpendHistoryCell.swift */; };
		6007B59729A0D700003ACB60 /* BudgetHistoryView.swift in Sources */ = {isa = PBXBuildFile; fileRef = 6007B59629A0D700003ACB60 /* BudgetHistoryView.swift */; };
		6007B59D29A14F44003ACB60 /* SettingsView.swift in Sources */ = {isa = PBXBuildFile; fileRef = 6007B59C29A14F44003ACB60 /* SettingsView.swift */; };
		6007B59F29A14F99003ACB60 /* SettingsItem.swift in Sources */ = {isa = PBXBuildFile; fileRef = 6007B59E29A14F99003ACB60 /* SettingsItem.swift */; };
		6007B5A129A1659D003ACB60 /* privacyPolicy.txt in Resources */ = {isa = PBXBuildFile; fileRef = 6007B5A029A1659D003ACB60 /* privacyPolicy.txt */; };
		6007B5A329A165F5003ACB60 /* PrivacyPolicyView.swift in Sources */ = {isa = PBXBuildFile; fileRef = 6007B5A229A165F5003ACB60 /* PrivacyPolicyView.swift */; };
		6007B5A529A18B4C003ACB60 /* lazyDog.ttf in Resources */ = {isa = PBXBuildFile; fileRef = 6007B5A429A18B4C003ACB60 /* lazyDog.ttf */; };
		6007B5A729A1D75B003ACB60 /* RoundedCorners.swift in Sources */ = {isa = PBXBuildFile; fileRef = 6007B5A629A1D75B003ACB60 /* RoundedCorners.swift */; };
		60412806298DF40800BE1143 /* Budgee.swift in Sources */ = {isa = PBXBuildFile; fileRef = 60412805298DF40800BE1143 /* Budgee.swift */; };
		60412808298DF40800BE1143 /* ContentView.swift in Sources */ = {isa = PBXBuildFile; fileRef = 60412807298DF40800BE1143 /* ContentView.swift */; };
		6041280A298DF40900BE1143 /* Assets.xcassets in Resources */ = {isa = PBXBuildFile; fileRef = 60412809298DF40900BE1143 /* Assets.xcassets */; };
		6041280E298DF40900BE1143 /* Preview Assets.xcassets in Resources */ = {isa = PBXBuildFile; fileRef = 6041280D298DF40900BE1143 /* Preview Assets.xcassets */; };
		60412817298DFCA700BE1143 /* BudgetDashboardView.swift in Sources */ = {isa = PBXBuildFile; fileRef = 60412816298DFCA700BE1143 /* BudgetDashboardView.swift */; };
		60412840298E26F700BE1143 /* BudgetView.swift in Sources */ = {isa = PBXBuildFile; fileRef = 6041283F298E26F700BE1143 /* BudgetView.swift */; };
		60412847298E29BA00BE1143 /* AddBudgetView.swift in Sources */ = {isa = PBXBuildFile; fileRef = 60412846298E29BA00BE1143 /* AddBudgetView.swift */; };
		6041284B298FA15300BE1143 /* FileManager.swift in Sources */ = {isa = PBXBuildFile; fileRef = 6041284A298FA15300BE1143 /* FileManager.swift */; };
		6041284D298FA32F00BE1143 /* Budget.swift in Sources */ = {isa = PBXBuildFile; fileRef = 6041284C298FA32F00BE1143 /* Budget.swift */; };
		6041284F298FA3AA00BE1143 /* BudgetInterval.swift in Sources */ = {isa = PBXBuildFile; fileRef = 6041284E298FA3AA00BE1143 /* BudgetInterval.swift */; };
		60412851298FA3B300BE1143 /* BudgetItem.swift in Sources */ = {isa = PBXBuildFile; fileRef = 60412850298FA3B300BE1143 /* BudgetItem.swift */; };
		60412854298FA3EE00BE1143 /* Invterval.swift in Sources */ = {isa = PBXBuildFile; fileRef = 60412853298FA3EE00BE1143 /* Invterval.swift */; };
		60412857298FBB1000BE1143 /* Injector.swift in Sources */ = {isa = PBXBuildFile; fileRef = 60412856298FBB1000BE1143 /* Injector.swift */; };
		60412859299052AA00BE1143 /* AddExpenseView.swift in Sources */ = {isa = PBXBuildFile; fileRef = 60412858299052AA00BE1143 /* AddExpenseView.swift */; };
		6041285B2990AD8100BE1143 /* ExpenseView.swift in Sources */ = {isa = PBXBuildFile; fileRef = 6041285A2990AD8100BE1143 /* ExpenseView.swift */; };
		6041285E2991004300BE1143 /* View+Extensions.swift in Sources */ = {isa = PBXBuildFile; fileRef = 6041285D2991004300BE1143 /* View+Extensions.swift */; };
		604128602991A61000BE1143 /* BudgetCellView.swift in Sources */ = {isa = PBXBuildFile; fileRef = 6041285F2991A61000BE1143 /* BudgetCellView.swift */; };
		6066A07A2992462E00640BE5 /* BudgetItemCellView.swift in Sources */ = {isa = PBXBuildFile; fileRef = 6066A0792992462E00640BE5 /* BudgetItemCellView.swift */; };
		6066A0812992487F00640BE5 /* Theme.swift in Sources */ = {isa = PBXBuildFile; fileRef = 6066A0802992487F00640BE5 /* Theme.swift */; };
		6066A0832992F8CF00640BE5 /* AddSpendItemView.swift in Sources */ = {isa = PBXBuildFile; fileRef = 6066A0822992F8CF00640BE5 /* AddSpendItemView.swift */; };
		60985E1A299618C100F00401 /* Logger.swift in Sources */ = {isa = PBXBuildFile; fileRef = 60985E19299618C100F00401 /* Logger.swift */; };
		609DA22D29BD605F00CBE277 /* BackgroundView.swift in Sources */ = {isa = PBXBuildFile; fileRef = 609DA22C29BD605F00CBE277 /* BackgroundView.swift */; };
		60C1C8C629A35CB50044D07B /* BudgetCircleChart.swift in Sources */ = {isa = PBXBuildFile; fileRef = 60C1C8C529A35CB50044D07B /* BudgetCircleChart.swift */; };
		60C1C8C829A35EB50044D07B /* Arc.swift in Sources */ = {isa = PBXBuildFile; fileRef = 60C1C8C729A35EB50044D07B /* Arc.swift */; };
		60C7915129A4BEDE008619DB /* ProgressBarView.swift in Sources */ = {isa = PBXBuildFile; fileRef = 60C7915029A4BEDE008619DB /* ProgressBarView.swift */; };
/* End PBXBuildFile section */

/* Begin PBXFileReference section */
		6007B58A299F564E003ACB60 /* TabBarView.swift */ = {isa = PBXFileReference; lastKnownFileType = sourcecode.swift; path = TabBarView.swift; sourceTree = "<group>"; };
		6007B58C299F5688003ACB60 /* TabBarItem.swift */ = {isa = PBXFileReference; lastKnownFileType = sourcecode.swift; path = TabBarItem.swift; sourceTree = "<group>"; };
		6007B58F299F82AC003ACB60 /* SpendHistoryView.swift */ = {isa = PBXFileReference; lastKnownFileType = sourcecode.swift; path = SpendHistoryView.swift; sourceTree = "<group>"; };
		6007B591299F84AB003ACB60 /* SpendHistoryCell.swift */ = {isa = PBXFileReference; lastKnownFileType = sourcecode.swift; path = SpendHistoryCell.swift; sourceTree = "<group>"; };
		6007B59629A0D700003ACB60 /* BudgetHistoryView.swift */ = {isa = PBXFileReference; lastKnownFileType = sourcecode.swift; path = BudgetHistoryView.swift; sourceTree = "<group>"; };
		6007B59C29A14F44003ACB60 /* SettingsView.swift */ = {isa = PBXFileReference; lastKnownFileType = sourcecode.swift; path = SettingsView.swift; sourceTree = "<group>"; };
		6007B59E29A14F99003ACB60 /* SettingsItem.swift */ = {isa = PBXFileReference; lastKnownFileType = sourcecode.swift; path = SettingsItem.swift; sourceTree = "<group>"; };
		6007B5A029A1659D003ACB60 /* privacyPolicy.txt */ = {isa = PBXFileReference; fileEncoding = 4; lastKnownFileType = text; path = privacyPolicy.txt; sourceTree = "<group>"; };
		6007B5A229A165F5003ACB60 /* PrivacyPolicyView.swift */ = {isa = PBXFileReference; lastKnownFileType = sourcecode.swift; path = PrivacyPolicyView.swift; sourceTree = "<group>"; };
		6007B5A429A18B4C003ACB60 /* lazyDog.ttf */ = {isa = PBXFileReference; lastKnownFileType = file; path = lazyDog.ttf; sourceTree = "<group>"; };
		6007B5A629A1D75B003ACB60 /* RoundedCorners.swift */ = {isa = PBXFileReference; lastKnownFileType = sourcecode.swift; path = RoundedCorners.swift; sourceTree = "<group>"; };
		6007B5A929A1E04A003ACB60 /* Info.plist */ = {isa = PBXFileReference; lastKnownFileType = text.plist; path = Info.plist; sourceTree = "<group>"; };
		60412802298DF40800BE1143 /* Budgee.app */ = {isa = PBXFileReference; explicitFileType = wrapper.application; includeInIndex = 0; path = Budgee.app; sourceTree = BUILT_PRODUCTS_DIR; };
		60412805298DF40800BE1143 /* Budgee.swift */ = {isa = PBXFileReference; lastKnownFileType = sourcecode.swift; path = Budgee.swift; sourceTree = "<group>"; };
		60412807298DF40800BE1143 /* ContentView.swift */ = {isa = PBXFileReference; lastKnownFileType = sourcecode.swift; path = ContentView.swift; sourceTree = "<group>"; };
		60412809298DF40900BE1143 /* Assets.xcassets */ = {isa = PBXFileReference; lastKnownFileType = folder.assetcatalog; path = Assets.xcassets; sourceTree = "<group>"; };
		6041280B298DF40900BE1143 /* Budgee.entitlements */ = {isa = PBXFileReference; lastKnownFileType = text.plist.entitlements; path = Budgee.entitlements; sourceTree = "<group>"; };
		6041280D298DF40900BE1143 /* Preview Assets.xcassets */ = {isa = PBXFileReference; lastKnownFileType = folder.assetcatalog; path = "Preview Assets.xcassets"; sourceTree = "<group>"; };
		60412816298DFCA700BE1143 /* BudgetDashboardView.swift */ = {isa = PBXFileReference; lastKnownFileType = sourcecode.swift; path = BudgetDashboardView.swift; sourceTree = "<group>"; };
		6041283F298E26F700BE1143 /* BudgetView.swift */ = {isa = PBXFileReference; lastKnownFileType = sourcecode.swift; path = BudgetView.swift; sourceTree = "<group>"; };
		60412846298E29BA00BE1143 /* AddBudgetView.swift */ = {isa = PBXFileReference; lastKnownFileType = sourcecode.swift; path = AddBudgetView.swift; sourceTree = "<group>"; };
		6041284A298FA15300BE1143 /* FileManager.swift */ = {isa = PBXFileReference; lastKnownFileType = sourcecode.swift; path = FileManager.swift; sourceTree = "<group>"; };
		6041284C298FA32F00BE1143 /* Budget.swift */ = {isa = PBXFileReference; lastKnownFileType = sourcecode.swift; path = Budget.swift; sourceTree = "<group>"; };
		6041284E298FA3AA00BE1143 /* BudgetInterval.swift */ = {isa = PBXFileReference; lastKnownFileType = sourcecode.swift; path = BudgetInterval.swift; sourceTree = "<group>"; };
		60412850298FA3B300BE1143 /* BudgetItem.swift */ = {isa = PBXFileReference; lastKnownFileType = sourcecode.swift; path = BudgetItem.swift; sourceTree = "<group>"; };
		60412853298FA3EE00BE1143 /* Invterval.swift */ = {isa = PBXFileReference; lastKnownFileType = sourcecode.swift; path = Invterval.swift; sourceTree = "<group>"; };
		60412856298FBB1000BE1143 /* Injector.swift */ = {isa = PBXFileReference; lastKnownFileType = sourcecode.swift; path = Injector.swift; sourceTree = "<group>"; };
		60412858299052AA00BE1143 /* AddExpenseView.swift */ = {isa = PBXFileReference; lastKnownFileType = sourcecode.swift; path = AddExpenseView.swift; sourceTree = "<group>"; };
		6041285A2990AD8100BE1143 /* ExpenseView.swift */ = {isa = PBXFileReference; lastKnownFileType = sourcecode.swift; path = ExpenseView.swift; sourceTree = "<group>"; };
		6041285D2991004300BE1143 /* View+Extensions.swift */ = {isa = PBXFileReference; lastKnownFileType = sourcecode.swift; path = "View+Extensions.swift"; sourceTree = "<group>"; };
		6041285F2991A61000BE1143 /* BudgetCellView.swift */ = {isa = PBXFileReference; lastKnownFileType = sourcecode.swift; path = BudgetCellView.swift; sourceTree = "<group>"; };
		6066A0792992462E00640BE5 /* BudgetItemCellView.swift */ = {isa = PBXFileReference; lastKnownFileType = sourcecode.swift; path = BudgetItemCellView.swift; sourceTree = "<group>"; };
		6066A0802992487F00640BE5 /* Theme.swift */ = {isa = PBXFileReference; lastKnownFileType = sourcecode.swift; path = Theme.swift; sourceTree = "<group>"; };
		6066A0822992F8CF00640BE5 /* AddSpendItemView.swift */ = {isa = PBXFileReference; lastKnownFileType = sourcecode.swift; path = AddSpendItemView.swift; sourceTree = "<group>"; };
		60985E19299618C100F00401 /* Logger.swift */ = {isa = PBXFileReference; lastKnownFileType = sourcecode.swift; path = Logger.swift; sourceTree = "<group>"; };
		609DA22C29BD605F00CBE277 /* BackgroundView.swift */ = {isa = PBXFileReference; lastKnownFileType = sourcecode.swift; path = BackgroundView.swift; sourceTree = "<group>"; };
		60C1C8C529A35CB50044D07B /* BudgetCircleChart.swift */ = {isa = PBXFileReference; lastKnownFileType = sourcecode.swift; path = BudgetCircleChart.swift; sourceTree = "<group>"; };
		60C1C8C729A35EB50044D07B /* Arc.swift */ = {isa = PBXFileReference; lastKnownFileType = sourcecode.swift; path = Arc.swift; sourceTree = "<group>"; };
		60C7915029A4BEDE008619DB /* ProgressBarView.swift */ = {isa = PBXFileReference; lastKnownFileType = sourcecode.swift; path = ProgressBarView.swift; sourceTree = "<group>"; };
/* End PBXFileReference section */

/* Begin PBXFrameworksBuildPhase section */
		604127FF298DF40800BE1143 /* Frameworks */ = {
			isa = PBXFrameworksBuildPhase;
			buildActionMask = 2147483647;
			files = (
			);
			runOnlyForDeploymentPostprocessing = 0;
		};
/* End PBXFrameworksBuildPhase section */

/* Begin PBXGroup section */
		6007B589299EB16F003ACB60 /* Dashboard */ = {
			isa = PBXGroup;
			children = (
				60B0BBF729BC2F2B00F87FE0 /* Add Budget */,
				60412816298DFCA700BE1143 /* BudgetDashboardView.swift */,
				6041285F2991A61000BE1143 /* BudgetCellView.swift */,
			);
			path = Dashboard;
			sourceTree = "<group>";
		};
		6007B58E299F828D003ACB60 /* Spend history */ = {
			isa = PBXGroup;
			children = (
				6007B58F299F82AC003ACB60 /* SpendHistoryView.swift */,
				6007B591299F84AB003ACB60 /* SpendHistoryCell.swift */,
			);
			path = "Spend history";
			sourceTree = "<group>";
		};
		6007B59529A0D6EF003ACB60 /* Budget history */ = {
			isa = PBXGroup;
			children = (
				6007B59629A0D700003ACB60 /* BudgetHistoryView.swift */,
				60C7915029A4BEDE008619DB /* ProgressBarView.swift */,
			);
			path = "Budget history";
			sourceTree = "<group>";
		};
		6007B59A29A14E74003ACB60 /* Settings */ = {
			isa = PBXGroup;
			children = (
				6007B59C29A14F44003ACB60 /* SettingsView.swift */,
				6007B5A229A165F5003ACB60 /* PrivacyPolicyView.swift */,
			);
			path = Settings;
			sourceTree = "<group>";
		};
		6007B59B29A14EAD003ACB60 /* Budget */ = {
			isa = PBXGroup;
			children = (
				60412848298E29BE00BE1143 /* Home */,
				6007B58E299F828D003ACB60 /* Spend history */,
				6066A07D2992469600640BE5 /* Add spend item */,
				6007B59529A0D6EF003ACB60 /* Budget history */,
				6007B59A29A14E74003ACB60 /* Settings */,
			);
			path = Budget;
			sourceTree = "<group>";
		};
		6007B5A829A1D911003ACB60 /* Resources */ = {
			isa = PBXGroup;
			children = (
				60412809298DF40900BE1143 /* Assets.xcassets */,
				6007B5A029A1659D003ACB60 /* privacyPolicy.txt */,
				6007B5A429A18B4C003ACB60 /* lazyDog.ttf */,
			);
			path = Resources;
			sourceTree = "<group>";
		};
		604127F9298DF40800BE1143 = {
			isa = PBXGroup;
			children = (
				60412804298DF40800BE1143 /* Budgee */,
				60412803298DF40800BE1143 /* Products */,
			);
			sourceTree = "<group>";
		};
		60412803298DF40800BE1143 /* Products */ = {
			isa = PBXGroup;
			children = (
				60412802298DF40800BE1143 /* Budgee.app */,
			);
			name = Products;
			sourceTree = "<group>";
		};
		60412804298DF40800BE1143 /* Budgee */ = {
			isa = PBXGroup;
			children = (
				6007B5A929A1E04A003ACB60 /* Info.plist */,
				60412814298DF48800BE1143 /* UI */,
				60412849298FA13800BE1143 /* Data */,
				60412855298FBB0500BE1143 /* Utils */,
				6007B5A829A1D911003ACB60 /* Resources */,
				60412805298DF40800BE1143 /* Budgee.swift */,
				60412807298DF40800BE1143 /* ContentView.swift */,
				6041280B298DF40900BE1143 /* Budgee.entitlements */,
				6041280C298DF40900BE1143 /* Preview Content */,
			);
			path = Budgee;
			sourceTree = "<group>";
		};
		6041280C298DF40900BE1143 /* Preview Content */ = {
			isa = PBXGroup;
			children = (
				6041280D298DF40900BE1143 /* Preview Assets.xcassets */,
			);
			path = "Preview Content";
			sourceTree = "<group>";
		};
		60412814298DF48800BE1143 /* UI */ = {
			isa = PBXGroup;
			children = (
				60412818298E051400BE1143 /* Views */,
			);
			path = UI;
			sourceTree = "<group>";
		};
		60412818298E051400BE1143 /* Views */ = {
			isa = PBXGroup;
			children = (
				6007B589299EB16F003ACB60 /* Dashboard */,
				6007B59B29A14EAD003ACB60 /* Budget */,
				6007B58A299F564E003ACB60 /* TabBarView.swift */,
				609DA22C29BD605F00CBE277 /* BackgroundView.swift */,
			);
			path = Views;
			sourceTree = "<group>";
		};
		60412819298E052300BE1143 /* Models */ = {
			isa = PBXGroup;
			children = (
				6041284C298FA32F00BE1143 /* Budget.swift */,
				6041284E298FA3AA00BE1143 /* BudgetInterval.swift */,
				60412850298FA3B300BE1143 /* BudgetItem.swift */,
			);
			path = Models;
			sourceTree = "<group>";
		};
		60412848298E29BE00BE1143 /* Home */ = {
			isa = PBXGroup;
			children = (
				6041283F298E26F700BE1143 /* BudgetView.swift */,
				6066A0792992462E00640BE5 /* BudgetItemCellView.swift */,
				60C1C8C529A35CB50044D07B /* BudgetCircleChart.swift */,
				60C1C8C729A35EB50044D07B /* Arc.swift */,
			);
			path = Home;
			sourceTree = "<group>";
		};
		60412849298FA13800BE1143 /* Data */ = {
			isa = PBXGroup;
			children = (
				60412852298FA3DF00BE1143 /* Enums */,
				60412819298E052300BE1143 /* Models */,
				6066A0802992487F00640BE5 /* Theme.swift */,
			);
			path = Data;
			sourceTree = "<group>";
		};
		60412852298FA3DF00BE1143 /* Enums */ = {
			isa = PBXGroup;
			children = (
				60412853298FA3EE00BE1143 /* Invterval.swift */,
				6007B58C299F5688003ACB60 /* TabBarItem.swift */,
				6007B59E29A14F99003ACB60 /* SettingsItem.swift */,
			);
			path = Enums;
			sourceTree = "<group>";
		};
		60412855298FBB0500BE1143 /* Utils */ = {
			isa = PBXGroup;
			children = (
				6041285C2991003200BE1143 /* Extensions */,
				6041284A298FA15300BE1143 /* FileManager.swift */,
				60412856298FBB1000BE1143 /* Injector.swift */,
				60985E19299618C100F00401 /* Logger.swift */,
				6007B5A629A1D75B003ACB60 /* RoundedCorners.swift */,
			);
			path = Utils;
			sourceTree = "<group>";
		};
		6041285C2991003200BE1143 /* Extensions */ = {
			isa = PBXGroup;
			children = (
				6041285D2991004300BE1143 /* View+Extensions.swift */,
			);
			path = Extensions;
			sourceTree = "<group>";
		};
		6066A07D2992469600640BE5 /* Add spend item */ = {
			isa = PBXGroup;
			children = (
				6066A0822992F8CF00640BE5 /* AddSpendItemView.swift */,
			);
			path = "Add spend item";
			sourceTree = "<group>";
		};
		60B0BBF729BC2F2B00F87FE0 /* Add Budget */ = {
			isa = PBXGroup;
			children = (
				60412846298E29BA00BE1143 /* AddBudgetView.swift */,
				60412858299052AA00BE1143 /* AddExpenseView.swift */,
				6041285A2990AD8100BE1143 /* ExpenseView.swift */,
			);
			path = "Add Budget";
			sourceTree = "<group>";
		};
/* End PBXGroup section */

/* Begin PBXNativeTarget section */
		60412801298DF40800BE1143 /* Budgee */ = {
			isa = PBXNativeTarget;
			buildConfigurationList = 60412811298DF40900BE1143 /* Build configuration list for PBXNativeTarget "Budgee" */;
			buildPhases = (
				604127FE298DF40800BE1143 /* Sources */,
				604127FF298DF40800BE1143 /* Frameworks */,
				60412800298DF40800BE1143 /* Resources */,
			);
			buildRules = (
			);
			dependencies = (
			);
			name = Budgee;
			productName = "friendly-spork";
			productReference = 60412802298DF40800BE1143 /* Budgee.app */;
			productType = "com.apple.product-type.application";
		};
/* End PBXNativeTarget section */

/* Begin PBXProject section */
		604127FA298DF40800BE1143 /* Project object */ = {
			isa = PBXProject;
			attributes = {
				BuildIndependentTargetsInParallel = 1;
				LastSwiftUpdateCheck = 1420;
				LastUpgradeCheck = 1420;
				TargetAttributes = {
					60412801298DF40800BE1143 = {
						CreatedOnToolsVersion = 14.2;
					};
				};
			};
			buildConfigurationList = 604127FD298DF40800BE1143 /* Build configuration list for PBXProject "Budgee" */;
			compatibilityVersion = "Xcode 14.0";
			developmentRegion = en;
			hasScannedForEncodings = 0;
			knownRegions = (
				en,
				Base,
			);
			mainGroup = 604127F9298DF40800BE1143;
			productRefGroup = 60412803298DF40800BE1143 /* Products */;
			projectDirPath = "";
			projectRoot = "";
			targets = (
				60412801298DF40800BE1143 /* Budgee */,
			);
		};
/* End PBXProject section */

/* Begin PBXResourcesBuildPhase section */
		60412800298DF40800BE1143 /* Resources */ = {
			isa = PBXResourcesBuildPhase;
			buildActionMask = 2147483647;
			files = (
				6007B5A129A1659D003ACB60 /* privacyPolicy.txt in Resources */,
				6007B5A529A18B4C003ACB60 /* lazyDog.ttf in Resources */,
				6041280E298DF40900BE1143 /* Preview Assets.xcassets in Resources */,
				6041280A298DF40900BE1143 /* Assets.xcassets in Resources */,
			);
			runOnlyForDeploymentPostprocessing = 0;
		};
/* End PBXResourcesBuildPhase section */

/* Begin PBXSourcesBuildPhase section */
		604127FE298DF40800BE1143 /* Sources */ = {
			isa = PBXSourcesBuildPhase;
			buildActionMask = 2147483647;
			files = (
				60985E1A299618C100F00401 /* Logger.swift in Sources */,
				60412854298FA3EE00BE1143 /* Invterval.swift in Sources */,
				60C1C8C829A35EB50044D07B /* Arc.swift in Sources */,
				6007B590299F82AC003ACB60 /* SpendHistoryView.swift in Sources */,
				6041284D298FA32F00BE1143 /* Budget.swift in Sources */,
				60412851298FA3B300BE1143 /* BudgetItem.swift in Sources */,
				604128602991A61000BE1143 /* BudgetCellView.swift in Sources */,
				60412857298FBB1000BE1143 /* Injector.swift in Sources */,
				6041285B2990AD8100BE1143 /* ExpenseView.swift in Sources */,
				6041285E2991004300BE1143 /* View+Extensions.swift in Sources */,
				609DA22D29BD605F00CBE277 /* BackgroundView.swift in Sources */,
				60C7915129A4BEDE008619DB /* ProgressBarView.swift in Sources */,
				6041284B298FA15300BE1143 /* FileManager.swift in Sources */,
				6007B5A329A165F5003ACB60 /* PrivacyPolicyView.swift in Sources */,
				60412808298DF40800BE1143 /* ContentView.swift in Sources */,
				60412817298DFCA700BE1143 /* BudgetDashboardView.swift in Sources */,
				6041284F298FA3AA00BE1143 /* BudgetInterval.swift in Sources */,
				6066A07A2992462E00640BE5 /* BudgetItemCellView.swift in Sources */,
				6066A0812992487F00640BE5 /* Theme.swift in Sources */,
				6007B59F29A14F99003ACB60 /* SettingsItem.swift in Sources */,
				6007B59D29A14F44003ACB60 /* SettingsView.swift in Sources */,
				60412806298DF40800BE1143 /* Budgee.swift in Sources */,
				60412859299052AA00BE1143 /* AddExpenseView.swift in Sources */,
				6007B5A729A1D75B003ACB60 /* RoundedCorners.swift in Sources */,
				60412840298E26F700BE1143 /* BudgetView.swift in Sources */,
				6007B59729A0D700003ACB60 /* BudgetHistoryView.swift in Sources */,
				60C1C8C629A35CB50044D07B /* BudgetCircleChart.swift in Sources */,
				6066A0832992F8CF00640BE5 /* AddSpendItemView.swift in Sources */,
				6007B592299F84AB003ACB60 /* SpendHistoryCell.swift in Sources */,
				6007B58D299F5688003ACB60 /* TabBarItem.swift in Sources */,
				6007B58B299F564E003ACB60 /* TabBarView.swift in Sources */,
				60412847298E29BA00BE1143 /* AddBudgetView.swift in Sources */,
			);
			runOnlyForDeploymentPostprocessing = 0;
		};
/* End PBXSourcesBuildPhase section */

/* Begin XCBuildConfiguration section */
		6041280F298DF40900BE1143 /* Debug */ = {
			isa = XCBuildConfiguration;
			buildSettings = {
				ALWAYS_SEARCH_USER_PATHS = NO;
				CLANG_ANALYZER_NONNULL = YES;
				CLANG_ANALYZER_NUMBER_OBJECT_CONVERSION = YES_AGGRESSIVE;
				CLANG_CXX_LANGUAGE_STANDARD = "gnu++20";
				CLANG_ENABLE_MODULES = YES;
				CLANG_ENABLE_OBJC_ARC = YES;
				CLANG_ENABLE_OBJC_WEAK = YES;
				CLANG_WARN_BLOCK_CAPTURE_AUTORELEASING = YES;
				CLANG_WARN_BOOL_CONVERSION = YES;
				CLANG_WARN_COMMA = YES;
				CLANG_WARN_CONSTANT_CONVERSION = YES;
				CLANG_WARN_DEPRECATED_OBJC_IMPLEMENTATIONS = YES;
				CLANG_WARN_DIRECT_OBJC_ISA_USAGE = YES_ERROR;
				CLANG_WARN_DOCUMENTATION_COMMENTS = YES;
				CLANG_WARN_EMPTY_BODY = YES;
				CLANG_WARN_ENUM_CONVERSION = YES;
				CLANG_WARN_INFINITE_RECURSION = YES;
				CLANG_WARN_INT_CONVERSION = YES;
				CLANG_WARN_NON_LITERAL_NULL_CONVERSION = YES;
				CLANG_WARN_OBJC_IMPLICIT_RETAIN_SELF = YES;
				CLANG_WARN_OBJC_LITERAL_CONVERSION = YES;
				CLANG_WARN_OBJC_ROOT_CLASS = YES_ERROR;
				CLANG_WARN_QUOTED_INCLUDE_IN_FRAMEWORK_HEADER = YES;
				CLANG_WARN_RANGE_LOOP_ANALYSIS = YES;
				CLANG_WARN_STRICT_PROTOTYPES = YES;
				CLANG_WARN_SUSPICIOUS_MOVE = YES;
				CLANG_WARN_UNGUARDED_AVAILABILITY = YES_AGGRESSIVE;
				CLANG_WARN_UNREACHABLE_CODE = YES;
				CLANG_WARN__DUPLICATE_METHOD_MATCH = YES;
				COPY_PHASE_STRIP = NO;
				DEBUG_INFORMATION_FORMAT = dwarf;
				ENABLE_STRICT_OBJC_MSGSEND = YES;
				ENABLE_TESTABILITY = YES;
				GCC_C_LANGUAGE_STANDARD = gnu11;
				GCC_DYNAMIC_NO_PIC = NO;
				GCC_NO_COMMON_BLOCKS = YES;
				GCC_OPTIMIZATION_LEVEL = 0;
				GCC_PREPROCESSOR_DEFINITIONS = (
					"DEBUG=1",
					"$(inherited)",
				);
				GCC_WARN_64_TO_32_BIT_CONVERSION = YES;
				GCC_WARN_ABOUT_RETURN_TYPE = YES_ERROR;
				GCC_WARN_UNDECLARED_SELECTOR = YES;
				GCC_WARN_UNINITIALIZED_AUTOS = YES_AGGRESSIVE;
				GCC_WARN_UNUSED_FUNCTION = YES;
				GCC_WARN_UNUSED_VARIABLE = YES;
				IPHONEOS_DEPLOYMENT_TARGET = 15.0;
				MTL_ENABLE_DEBUG_INFO = INCLUDE_SOURCE;
				MTL_FAST_MATH = YES;
				ONLY_ACTIVE_ARCH = YES;
				SWIFT_ACTIVE_COMPILATION_CONDITIONS = DEBUG;
				SWIFT_OPTIMIZATION_LEVEL = "-Onone";
			};
			name = Debug;
		};
		60412810298DF40900BE1143 /* Release */ = {
			isa = XCBuildConfiguration;
			buildSettings = {
				ALWAYS_SEARCH_USER_PATHS = NO;
				CLANG_ANALYZER_NONNULL = YES;
				CLANG_ANALYZER_NUMBER_OBJECT_CONVERSION = YES_AGGRESSIVE;
				CLANG_CXX_LANGUAGE_STANDARD = "gnu++20";
				CLANG_ENABLE_MODULES = YES;
				CLANG_ENABLE_OBJC_ARC = YES;
				CLANG_ENABLE_OBJC_WEAK = YES;
				CLANG_WARN_BLOCK_CAPTURE_AUTORELEASING = YES;
				CLANG_WARN_BOOL_CONVERSION = YES;
				CLANG_WARN_COMMA = YES;
				CLANG_WARN_CONSTANT_CONVERSION = YES;
				CLANG_WARN_DEPRECATED_OBJC_IMPLEMENTATIONS = YES;
				CLANG_WARN_DIRECT_OBJC_ISA_USAGE = YES_ERROR;
				CLANG_WARN_DOCUMENTATION_COMMENTS = YES;
				CLANG_WARN_EMPTY_BODY = YES;
				CLANG_WARN_ENUM_CONVERSION = YES;
				CLANG_WARN_INFINITE_RECURSION = YES;
				CLANG_WARN_INT_CONVERSION = YES;
				CLANG_WARN_NON_LITERAL_NULL_CONVERSION = YES;
				CLANG_WARN_OBJC_IMPLICIT_RETAIN_SELF = YES;
				CLANG_WARN_OBJC_LITERAL_CONVERSION = YES;
				CLANG_WARN_OBJC_ROOT_CLASS = YES_ERROR;
				CLANG_WARN_QUOTED_INCLUDE_IN_FRAMEWORK_HEADER = YES;
				CLANG_WARN_RANGE_LOOP_ANALYSIS = YES;
				CLANG_WARN_STRICT_PROTOTYPES = YES;
				CLANG_WARN_SUSPICIOUS_MOVE = YES;
				CLANG_WARN_UNGUARDED_AVAILABILITY = YES_AGGRESSIVE;
				CLANG_WARN_UNREACHABLE_CODE = YES;
				CLANG_WARN__DUPLICATE_METHOD_MATCH = YES;
				COPY_PHASE_STRIP = NO;
				DEBUG_INFORMATION_FORMAT = "dwarf-with-dsym";
				ENABLE_NS_ASSERTIONS = NO;
				ENABLE_STRICT_OBJC_MSGSEND = YES;
				GCC_C_LANGUAGE_STANDARD = gnu11;
				GCC_NO_COMMON_BLOCKS = YES;
				GCC_WARN_64_TO_32_BIT_CONVERSION = YES;
				GCC_WARN_ABOUT_RETURN_TYPE = YES_ERROR;
				GCC_WARN_UNDECLARED_SELECTOR = YES;
				GCC_WARN_UNINITIALIZED_AUTOS = YES_AGGRESSIVE;
				GCC_WARN_UNUSED_FUNCTION = YES;
				GCC_WARN_UNUSED_VARIABLE = YES;
				IPHONEOS_DEPLOYMENT_TARGET = 15.0;
				MTL_ENABLE_DEBUG_INFO = NO;
				MTL_FAST_MATH = YES;
				SWIFT_COMPILATION_MODE = wholemodule;
				SWIFT_OPTIMIZATION_LEVEL = "-O";
			};
			name = Release;
		};
		60412812298DF40900BE1143 /* Debug */ = {
			isa = XCBuildConfiguration;
			buildSettings = {
				ASSETCATALOG_COMPILER_APPICON_NAME = AppIcon;
				ASSETCATALOG_COMPILER_GLOBAL_ACCENT_COLOR_NAME = AccentColor;
				CODE_SIGN_ENTITLEMENTS = Budgee/Budgee.entitlements;
				CODE_SIGN_STYLE = Automatic;
				CURRENT_PROJECT_VERSION = 1;
				DEVELOPMENT_ASSET_PATHS = "\"Budgee/Preview Content\"";
				DEVELOPMENT_TEAM = 6J46PX2924;
				ENABLE_HARDENED_RUNTIME = YES;
				ENABLE_PREVIEWS = YES;
				GENERATE_INFOPLIST_FILE = YES;
				INFOPLIST_FILE = Budgee/Info.plist;
				"INFOPLIST_KEY_UIApplicationSceneManifest_Generation[sdk=iphoneos*]" = YES;
				"INFOPLIST_KEY_UIApplicationSceneManifest_Generation[sdk=iphonesimulator*]" = YES;
				"INFOPLIST_KEY_UIApplicationSupportsIndirectInputEvents[sdk=iphoneos*]" = YES;
				"INFOPLIST_KEY_UIApplicationSupportsIndirectInputEvents[sdk=iphonesimulator*]" = YES;
				"INFOPLIST_KEY_UILaunchScreen_Generation[sdk=iphoneos*]" = YES;
				"INFOPLIST_KEY_UILaunchScreen_Generation[sdk=iphonesimulator*]" = YES;
				"INFOPLIST_KEY_UIStatusBarStyle[sdk=iphoneos*]" = UIStatusBarStyleDefault;
				"INFOPLIST_KEY_UIStatusBarStyle[sdk=iphonesimulator*]" = UIStatusBarStyleDefault;
				INFOPLIST_KEY_UISupportedInterfaceOrientations_iPad = "UIInterfaceOrientationPortrait UIInterfaceOrientationPortraitUpsideDown UIInterfaceOrientationLandscapeLeft UIInterfaceOrientationLandscapeRight";
				INFOPLIST_KEY_UISupportedInterfaceOrientations_iPhone = "UIInterfaceOrientationPortrait UIInterfaceOrientationLandscapeLeft UIInterfaceOrientationLandscapeRight";
				IPHONEOS_DEPLOYMENT_TARGET = 16.2;
				LD_RUNPATH_SEARCH_PATHS = "@executable_path/Frameworks";
				"LD_RUNPATH_SEARCH_PATHS[sdk=macosx*]" = "@executable_path/../Frameworks";
				MACOSX_DEPLOYMENT_TARGET = 12.5;
				MARKETING_VERSION = 1.0;
				PRODUCT_BUNDLE_IDENTIFIER = dev.jamesfurlong.Budgee;
				PRODUCT_NAME = Budgee;
				SDKROOT = auto;
				SUPPORTED_PLATFORMS = "iphoneos iphonesimulator";
				SUPPORTS_MACCATALYST = NO;
				SUPPORTS_MAC_DESIGNED_FOR_IPHONE_IPAD = NO;
				SWIFT_EMIT_LOC_STRINGS = YES;
				SWIFT_VERSION = 5.0;
				TARGETED_DEVICE_FAMILY = "1,2";
			};
			name = Debug;
		};
		60412813298DF40900BE1143 /* Release */ = {
			isa = XCBuildConfiguration;
			buildSettings = {
				ASSETCATALOG_COMPILER_APPICON_NAME = AppIcon;
				ASSETCATALOG_COMPILER_GLOBAL_ACCENT_COLOR_NAME = AccentColor;
				CODE_SIGN_ENTITLEMENTS = Budgee/Budgee.entitlements;
				CODE_SIGN_STYLE = Automatic;
				CURRENT_PROJECT_VERSION = 1;
				DEVELOPMENT_ASSET_PATHS = "\"Budgee/Preview Content\"";
				DEVELOPMENT_TEAM = 6J46PX2924;
				ENABLE_HARDENED_RUNTIME = YES;
				ENABLE_PREVIEWS = YES;
				GENERATE_INFOPLIST_FILE = YES;
				INFOPLIST_FILE = Budgee/Info.plist;
				"INFOPLIST_KEY_UIApplicationSceneManifest_Generation[sdk=iphoneos*]" = YES;
				"INFOPLIST_KEY_UIApplicationSceneManifest_Generation[sdk=iphonesimulator*]" = YES;
				"INFOPLIST_KEY_UIApplicationSupportsIndirectInputEvents[sdk=iphoneos*]" = YES;
				"INFOPLIST_KEY_UIApplicationSupportsIndirectInputEvents[sdk=iphonesimulator*]" = YES;
				"INFOPLIST_KEY_UILaunchScreen_Generation[sdk=iphoneos*]" = YES;
				"INFOPLIST_KEY_UILaunchScreen_Generation[sdk=iphonesimulator*]" = YES;
				"INFOPLIST_KEY_UIStatusBarStyle[sdk=iphoneos*]" = UIStatusBarStyleDefault;
				"INFOPLIST_KEY_UIStatusBarStyle[sdk=iphonesimulator*]" = UIStatusBarStyleDefault;
				INFOPLIST_KEY_UISupportedInterfaceOrientations_iPad = "UIInterfaceOrientationPortrait UIInterfaceOrientationPortraitUpsideDown UIInterfaceOrientationLandscapeLeft UIInterfaceOrientationLandscapeRight";
				INFOPLIST_KEY_UISupportedInterfaceOrientations_iPhone = "UIInterfaceOrientationPortrait UIInterfaceOrientationLandscapeLeft UIInterfaceOrientationLandscapeRight";
				IPHONEOS_DEPLOYMENT_TARGET = 16.2;
				LD_RUNPATH_SEARCH_PATHS = "@executable_path/Frameworks";
				"LD_RUNPATH_SEARCH_PATHS[sdk=macosx*]" = "@executable_path/../Frameworks";
				MACOSX_DEPLOYMENT_TARGET = 12.5;
				MARKETING_VERSION = 1.0;
				PRODUCT_BUNDLE_IDENTIFIER = dev.jamesfurlong.Budgee;
				PRODUCT_NAME = Budgee;
				SDKROOT = auto;
				SUPPORTED_PLATFORMS = "iphoneos iphonesimulator";
				SUPPORTS_MACCATALYST = NO;
				SUPPORTS_MAC_DESIGNED_FOR_IPHONE_IPAD = NO;
				SWIFT_EMIT_LOC_STRINGS = YES;
				SWIFT_VERSION = 5.0;
				TARGETED_DEVICE_FAMILY = "1,2";
			};
			name = Release;
		};
/* End XCBuildConfiguration section */

/* Begin XCConfigurationList section */
		604127FD298DF40800BE1143 /* Build configuration list for PBXProject "Budgee" */ = {
			isa = XCConfigurationList;
			buildConfigurations = (
				6041280F298DF40900BE1143 /* Debug */,
				60412810298DF40900BE1143 /* Release */,
			);
			defaultConfigurationIsVisible = 0;
			defaultConfigurationName = Release;
		};
		60412811298DF40900BE1143 /* Build configuration list for PBXNativeTarget "Budgee" */ = {
			isa = XCConfigurationList;
			buildConfigurations = (
				60412812298DF40900BE1143 /* Debug */,
				60412813298DF40900BE1143 /* Release */,
			);
			defaultConfigurationIsVisible = 0;
			defaultConfigurationName = Release;
		};
/* End XCConfigurationList section */
	};
	rootObject = 604127FA298DF40800BE1143 /* Project object */;
}
