// !$*UTF8*$!
{
	archiveVersion = 1;
	classes = {
	};
	objectVersion = 56;
	objects = {

/* Begin PBXBuildFile section */
		60412806298DF40800BE1143 /* friendly_sporkApp.swift in Sources */ = {isa = PBXBuildFile; fileRef = 60412805298DF40800BE1143 /* friendly_sporkApp.swift */; };
		60412808298DF40800BE1143 /* ContentView.swift in Sources */ = {isa = PBXBuildFile; fileRef = 60412807298DF40800BE1143 /* ContentView.swift */; };
		6041280A298DF40900BE1143 /* Assets.xcassets in Resources */ = {isa = PBXBuildFile; fileRef = 60412809298DF40900BE1143 /* Assets.xcassets */; };
		6041280E298DF40900BE1143 /* Preview Assets.xcassets in Resources */ = {isa = PBXBuildFile; fileRef = 6041280D298DF40900BE1143 /* Preview Assets.xcassets */; };
		60412817298DFCA700BE1143 /* BudgetDashboardView.swift in Sources */ = {isa = PBXBuildFile; fileRef = 60412816298DFCA700BE1143 /* BudgetDashboardView.swift */; };
		60412840298E26F700BE1143 /* BudgetView.swift in Sources */ = {isa = PBXBuildFile; fileRef = 6041283F298E26F700BE1143 /* BudgetView.swift */; };
		60412842298E27DA00BE1143 /* BudgetItemView.swift in Sources */ = {isa = PBXBuildFile; fileRef = 60412841298E27DA00BE1143 /* BudgetItemView.swift */; };
		60412844298E27E700BE1143 /* SpendItemView.swift in Sources */ = {isa = PBXBuildFile; fileRef = 60412843298E27E700BE1143 /* SpendItemView.swift */; };
		60412847298E29BA00BE1143 /* AddBudgetView.swift in Sources */ = {isa = PBXBuildFile; fileRef = 60412846298E29BA00BE1143 /* AddBudgetView.swift */; };
		6041284B298FA15300BE1143 /* FileManager.swift in Sources */ = {isa = PBXBuildFile; fileRef = 6041284A298FA15300BE1143 /* FileManager.swift */; };
		6041284D298FA32F00BE1143 /* Budget.swift in Sources */ = {isa = PBXBuildFile; fileRef = 6041284C298FA32F00BE1143 /* Budget.swift */; };
		6041284F298FA3AA00BE1143 /* BudgetInterval.swift in Sources */ = {isa = PBXBuildFile; fileRef = 6041284E298FA3AA00BE1143 /* BudgetInterval.swift */; };
		60412851298FA3B300BE1143 /* BudgetItem.swift in Sources */ = {isa = PBXBuildFile; fileRef = 60412850298FA3B300BE1143 /* BudgetItem.swift */; };
		60412854298FA3EE00BE1143 /* Invterval.swift in Sources */ = {isa = PBXBuildFile; fileRef = 60412853298FA3EE00BE1143 /* Invterval.swift */; };
		60412857298FBB1000BE1143 /* Injector.swift in Sources */ = {isa = PBXBuildFile; fileRef = 60412856298FBB1000BE1143 /* Injector.swift */; };
		60412859299052AA00BE1143 /* AddExpenseView.swift in Sources */ = {isa = PBXBuildFile; fileRef = 60412858299052AA00BE1143 /* AddExpenseView.swift */; };
		6041285B2990AD8100BE1143 /* ExpenseView.swift in Sources */ = {isa = PBXBuildFile; fileRef = 6041285A2990AD8100BE1143 /* ExpenseView.swift */; };
		6041285E2991004300BE1143 /* View+Extensions.swift in Sources */ = {isa = PBXBuildFile; fileRef = 6041285D2991004300BE1143 /* View+Extensions.swift */; };
/* End PBXBuildFile section */

/* Begin PBXFileReference section */
		60412802298DF40800BE1143 /* friendly-spork.app */ = {isa = PBXFileReference; explicitFileType = wrapper.application; includeInIndex = 0; path = "friendly-spork.app"; sourceTree = BUILT_PRODUCTS_DIR; };
		60412805298DF40800BE1143 /* friendly_sporkApp.swift */ = {isa = PBXFileReference; lastKnownFileType = sourcecode.swift; path = friendly_sporkApp.swift; sourceTree = "<group>"; };
		60412807298DF40800BE1143 /* ContentView.swift */ = {isa = PBXFileReference; lastKnownFileType = sourcecode.swift; path = ContentView.swift; sourceTree = "<group>"; };
		60412809298DF40900BE1143 /* Assets.xcassets */ = {isa = PBXFileReference; lastKnownFileType = folder.assetcatalog; path = Assets.xcassets; sourceTree = "<group>"; };
		6041280B298DF40900BE1143 /* friendly_spork.entitlements */ = {isa = PBXFileReference; lastKnownFileType = text.plist.entitlements; path = friendly_spork.entitlements; sourceTree = "<group>"; };
		6041280D298DF40900BE1143 /* Preview Assets.xcassets */ = {isa = PBXFileReference; lastKnownFileType = folder.assetcatalog; path = "Preview Assets.xcassets"; sourceTree = "<group>"; };
		60412816298DFCA700BE1143 /* BudgetDashboardView.swift */ = {isa = PBXFileReference; lastKnownFileType = sourcecode.swift; path = BudgetDashboardView.swift; sourceTree = "<group>"; };
		6041283F298E26F700BE1143 /* BudgetView.swift */ = {isa = PBXFileReference; lastKnownFileType = sourcecode.swift; path = BudgetView.swift; sourceTree = "<group>"; };
		60412841298E27DA00BE1143 /* BudgetItemView.swift */ = {isa = PBXFileReference; lastKnownFileType = sourcecode.swift; path = BudgetItemView.swift; sourceTree = "<group>"; };
		60412843298E27E700BE1143 /* SpendItemView.swift */ = {isa = PBXFileReference; lastKnownFileType = sourcecode.swift; path = SpendItemView.swift; sourceTree = "<group>"; };
		60412846298E29BA00BE1143 /* AddBudgetView.swift */ = {isa = PBXFileReference; lastKnownFileType = sourcecode.swift; path = AddBudgetView.swift; sourceTree = "<group>"; };
		6041284A298FA15300BE1143 /* FileManager.swift */ = {isa = PBXFileReference; lastKnownFileType = sourcecode.swift; path = FileManager.swift; sourceTree = "<group>"; };
		6041284C298FA32F00BE1143 /* Budget.swift */ = {isa = PBXFileReference; lastKnownFileType = sourcecode.swift; path = Budget.swift; sourceTree = "<group>"; };
		6041284E298FA3AA00BE1143 /* BudgetInterval.swift */ = {isa = PBXFileReference; lastKnownFileType = sourcecode.swift; path = BudgetInterval.swift; sourceTree = "<group>"; };
		60412850298FA3B300BE1143 /* BudgetItem.swift */ = {isa = PBXFileReference; lastKnownFileType = sourcecode.swift; path = BudgetItem.swift; sourceTree = "<group>"; };
		60412853298FA3EE00BE1143 /* Invterval.swift */ = {isa = PBXFileReference; lastKnownFileType = sourcecode.swift; path = Invterval.swift; sourceTree = "<group>"; };
		60412856298FBB1000BE1143 /* Injector.swift */ = {isa = PBXFileReference; lastKnownFileType = sourcecode.swift; path = Injector.swift; sourceTree = "<group>"; };
		60412858299052AA00BE1143 /* AddExpenseView.swift */ = {isa = PBXFileReference; lastKnownFileType = sourcecode.swift; path = AddExpenseView.swift; sourceTree = "<group>"; };
		6041285A2990AD8100BE1143 /* ExpenseView.swift */ = {isa = PBXFileReference; lastKnownFileType = sourcecode.swift; path = ExpenseView.swift; sourceTree = "<group>"; };
		6041285D2991004300BE1143 /* View+Extensions.swift */ = {isa = PBXFileReference; lastKnownFileType = sourcecode.swift; path = "View+Extensions.swift"; sourceTree = "<group>"; };
/* End PBXFileReference section */

/* Begin PBXFrameworksBuildPhase section */
		604127FF298DF40800BE1143 /* Frameworks */ = {
			isa = PBXFrameworksBuildPhase;
			buildActionMask = 2147483647;
			files = (
			);
			runOnlyForDeploymentPostprocessing = 0;
		};
/* End PBXFrameworksBuildPhase section */

/* Begin PBXGroup section */
		604127F9298DF40800BE1143 = {
			isa = PBXGroup;
			children = (
				60412804298DF40800BE1143 /* friendly-spork */,
				60412803298DF40800BE1143 /* Products */,
			);
			sourceTree = "<group>";
		};
		60412803298DF40800BE1143 /* Products */ = {
			isa = PBXGroup;
			children = (
				60412802298DF40800BE1143 /* friendly-spork.app */,
			);
			name = Products;
			sourceTree = "<group>";
		};
		60412804298DF40800BE1143 /* friendly-spork */ = {
			isa = PBXGroup;
			children = (
				60412814298DF48800BE1143 /* UI */,
				60412849298FA13800BE1143 /* Data */,
				60412855298FBB0500BE1143 /* Utils */,
				60412805298DF40800BE1143 /* friendly_sporkApp.swift */,
				60412807298DF40800BE1143 /* ContentView.swift */,
				60412809298DF40900BE1143 /* Assets.xcassets */,
				6041280B298DF40900BE1143 /* friendly_spork.entitlements */,
				6041280C298DF40900BE1143 /* Preview Content */,
			);
			path = "friendly-spork";
			sourceTree = "<group>";
		};
		6041280C298DF40900BE1143 /* Preview Content */ = {
			isa = PBXGroup;
			children = (
				6041280D298DF40900BE1143 /* Preview Assets.xcassets */,
			);
			path = "Preview Content";
			sourceTree = "<group>";
		};
		60412814298DF48800BE1143 /* UI */ = {
			isa = PBXGroup;
			children = (
				60412818298E051400BE1143 /* Views */,
			);
			path = UI;
			sourceTree = "<group>";
		};
		60412818298E051400BE1143 /* Views */ = {
			isa = PBXGroup;
			children = (
				60412848298E29BE00BE1143 /* Budget */,
				60412816298DFCA700BE1143 /* BudgetDashboardView.swift */,
				60412841298E27DA00BE1143 /* BudgetItemView.swift */,
				60412843298E27E700BE1143 /* SpendItemView.swift */,
			);
			path = Views;
			sourceTree = "<group>";
		};
		60412819298E052300BE1143 /* Models */ = {
			isa = PBXGroup;
			children = (
				6041284C298FA32F00BE1143 /* Budget.swift */,
				6041284E298FA3AA00BE1143 /* BudgetInterval.swift */,
				60412850298FA3B300BE1143 /* BudgetItem.swift */,
			);
			path = Models;
			sourceTree = "<group>";
		};
		60412848298E29BE00BE1143 /* Budget */ = {
			isa = PBXGroup;
			children = (
				60412846298E29BA00BE1143 /* AddBudgetView.swift */,
				6041283F298E26F700BE1143 /* BudgetView.swift */,
				60412858299052AA00BE1143 /* AddExpenseView.swift */,
				6041285A2990AD8100BE1143 /* ExpenseView.swift */,
			);
			path = Budget;
			sourceTree = "<group>";
		};
		60412849298FA13800BE1143 /* Data */ = {
			isa = PBXGroup;
			children = (
				6041284A298FA15300BE1143 /* FileManager.swift */,
				60412852298FA3DF00BE1143 /* Enums */,
				60412819298E052300BE1143 /* Models */,
			);
			path = Data;
			sourceTree = "<group>";
		};
		60412852298FA3DF00BE1143 /* Enums */ = {
			isa = PBXGroup;
			children = (
				60412853298FA3EE00BE1143 /* Invterval.swift */,
			);
			path = Enums;
			sourceTree = "<group>";
		};
		60412855298FBB0500BE1143 /* Utils */ = {
			isa = PBXGroup;
			children = (
				6041285C2991003200BE1143 /* Extensions */,
				60412856298FBB1000BE1143 /* Injector.swift */,
			);
			path = Utils;
			sourceTree = "<group>";
		};
		6041285C2991003200BE1143 /* Extensions */ = {
			isa = PBXGroup;
			children = (
				6041285D2991004300BE1143 /* View+Extensions.swift */,
			);
			path = Extensions;
			sourceTree = "<group>";
		};
/* End PBXGroup section */

/* Begin PBXNativeTarget section */
		60412801298DF40800BE1143 /* friendly-spork */ = {
			isa = PBXNativeTarget;
			buildConfigurationList = 60412811298DF40900BE1143 /* Build configuration list for PBXNativeTarget "friendly-spork" */;
			buildPhases = (
				604127FE298DF40800BE1143 /* Sources */,
				604127FF298DF40800BE1143 /* Frameworks */,
				60412800298DF40800BE1143 /* Resources */,
			);
			buildRules = (
			);
			dependencies = (
			);
			name = "friendly-spork";
			productName = "friendly-spork";
			productReference = 60412802298DF40800BE1143 /* friendly-spork.app */;
			productType = "com.apple.product-type.application";
		};
/* End PBXNativeTarget section */

/* Begin PBXProject section */
		604127FA298DF40800BE1143 /* Project object */ = {
			isa = PBXProject;
			attributes = {
				BuildIndependentTargetsInParallel = 1;
				LastSwiftUpdateCheck = 1420;
				LastUpgradeCheck = 1420;
				TargetAttributes = {
					60412801298DF40800BE1143 = {
						CreatedOnToolsVersion = 14.2;
					};
				};
			};
			buildConfigurationList = 604127FD298DF40800BE1143 /* Build configuration list for PBXProject "friendly-spork" */;
			compatibilityVersion = "Xcode 14.0";
			developmentRegion = en;
			hasScannedForEncodings = 0;
			knownRegions = (
				en,
				Base,
			);
			mainGroup = 604127F9298DF40800BE1143;
			productRefGroup = 60412803298DF40800BE1143 /* Products */;
			projectDirPath = "";
			projectRoot = "";
			targets = (
				60412801298DF40800BE1143 /* friendly-spork */,
			);
		};
/* End PBXProject section */

/* Begin PBXResourcesBuildPhase section */
		60412800298DF40800BE1143 /* Resources */ = {
			isa = PBXResourcesBuildPhase;
			buildActionMask = 2147483647;
			files = (
				6041280E298DF40900BE1143 /* Preview Assets.xcassets in Resources */,
				6041280A298DF40900BE1143 /* Assets.xcassets in Resources */,
			);
			runOnlyForDeploymentPostprocessing = 0;
		};
/* End PBXResourcesBuildPhase section */

/* Begin PBXSourcesBuildPhase section */
		604127FE298DF40800BE1143 /* Sources */ = {
			isa = PBXSourcesBuildPhase;
			buildActionMask = 2147483647;
			files = (
				60412842298E27DA00BE1143 /* BudgetItemView.swift in Sources */,
				60412854298FA3EE00BE1143 /* Invterval.swift in Sources */,
				6041284D298FA32F00BE1143 /* Budget.swift in Sources */,
				60412851298FA3B300BE1143 /* BudgetItem.swift in Sources */,
				60412857298FBB1000BE1143 /* Injector.swift in Sources */,
				6041285B2990AD8100BE1143 /* ExpenseView.swift in Sources */,
				6041285E2991004300BE1143 /* View+Extensions.swift in Sources */,
				6041284B298FA15300BE1143 /* FileManager.swift in Sources */,
				60412808298DF40800BE1143 /* ContentView.swift in Sources */,
				60412817298DFCA700BE1143 /* BudgetDashboardView.swift in Sources */,
				6041284F298FA3AA00BE1143 /* BudgetInterval.swift in Sources */,
				60412806298DF40800BE1143 /* friendly_sporkApp.swift in Sources */,
				60412844298E27E700BE1143 /* SpendItemView.swift in Sources */,
				60412859299052AA00BE1143 /* AddExpenseView.swift in Sources */,
				60412840298E26F700BE1143 /* BudgetView.swift in Sources */,
				60412847298E29BA00BE1143 /* AddBudgetView.swift in Sources */,
			);
			runOnlyForDeploymentPostprocessing = 0;
		};
/* End PBXSourcesBuildPhase section */

/* Begin XCBuildConfiguration section */
		6041280F298DF40900BE1143 /* Debug */ = {
			isa = XCBuildConfiguration;
			buildSettings = {
				ALWAYS_SEARCH_USER_PATHS = NO;
				CLANG_ANALYZER_NONNULL = YES;
				CLANG_ANALYZER_NUMBER_OBJECT_CONVERSION = YES_AGGRESSIVE;
				CLANG_CXX_LANGUAGE_STANDARD = "gnu++20";
				CLANG_ENABLE_MODULES = YES;
				CLANG_ENABLE_OBJC_ARC = YES;
				CLANG_ENABLE_OBJC_WEAK = YES;
				CLANG_WARN_BLOCK_CAPTURE_AUTORELEASING = YES;
				CLANG_WARN_BOOL_CONVERSION = YES;
				CLANG_WARN_COMMA = YES;
				CLANG_WARN_CONSTANT_CONVERSION = YES;
				CLANG_WARN_DEPRECATED_OBJC_IMPLEMENTATIONS = YES;
				CLANG_WARN_DIRECT_OBJC_ISA_USAGE = YES_ERROR;
				CLANG_WARN_DOCUMENTATION_COMMENTS = YES;
				CLANG_WARN_EMPTY_BODY = YES;
				CLANG_WARN_ENUM_CONVERSION = YES;
				CLANG_WARN_INFINITE_RECURSION = YES;
				CLANG_WARN_INT_CONVERSION = YES;
				CLANG_WARN_NON_LITERAL_NULL_CONVERSION = YES;
				CLANG_WARN_OBJC_IMPLICIT_RETAIN_SELF = YES;
				CLANG_WARN_OBJC_LITERAL_CONVERSION = YES;
				CLANG_WARN_OBJC_ROOT_CLASS = YES_ERROR;
				CLANG_WARN_QUOTED_INCLUDE_IN_FRAMEWORK_HEADER = YES;
				CLANG_WARN_RANGE_LOOP_ANALYSIS = YES;
				CLANG_WARN_STRICT_PROTOTYPES = YES;
				CLANG_WARN_SUSPICIOUS_MOVE = YES;
				CLANG_WARN_UNGUARDED_AVAILABILITY = YES_AGGRESSIVE;
				CLANG_WARN_UNREACHABLE_CODE = YES;
				CLANG_WARN__DUPLICATE_METHOD_MATCH = YES;
				COPY_PHASE_STRIP = NO;
				DEBUG_INFORMATION_FORMAT = dwarf;
				ENABLE_STRICT_OBJC_MSGSEND = YES;
				ENABLE_TESTABILITY = YES;
				GCC_C_LANGUAGE_STANDARD = gnu11;
				GCC_DYNAMIC_NO_PIC = NO;
				GCC_NO_COMMON_BLOCKS = YES;
				GCC_OPTIMIZATION_LEVEL = 0;
				GCC_PREPROCESSOR_DEFINITIONS = (
					"DEBUG=1",
					"$(inherited)",
				);
				GCC_WARN_64_TO_32_BIT_CONVERSION = YES;
				GCC_WARN_ABOUT_RETURN_TYPE = YES_ERROR;
				GCC_WARN_UNDECLARED_SELECTOR = YES;
				GCC_WARN_UNINITIALIZED_AUTOS = YES_AGGRESSIVE;
				GCC_WARN_UNUSED_FUNCTION = YES;
				GCC_WARN_UNUSED_VARIABLE = YES;
				MTL_ENABLE_DEBUG_INFO = INCLUDE_SOURCE;
				MTL_FAST_MATH = YES;
				ONLY_ACTIVE_ARCH = YES;
				SWIFT_ACTIVE_COMPILATION_CONDITIONS = DEBUG;
				SWIFT_OPTIMIZATION_LEVEL = "-Onone";
			};
			name = Debug;
		};
		60412810298DF40900BE1143 /* Release */ = {
			isa = XCBuildConfiguration;
			buildSettings = {
				ALWAYS_SEARCH_USER_PATHS = NO;
				CLANG_ANALYZER_NONNULL = YES;
				CLANG_ANALYZER_NUMBER_OBJECT_CONVERSION = YES_AGGRESSIVE;
				CLANG_CXX_LANGUAGE_STANDARD = "gnu++20";
				CLANG_ENABLE_MODULES = YES;
				CLANG_ENABLE_OBJC_ARC = YES;
				CLANG_ENABLE_OBJC_WEAK = YES;
				CLANG_WARN_BLOCK_CAPTURE_AUTORELEASING = YES;
				CLANG_WARN_BOOL_CONVERSION = YES;
				CLANG_WARN_COMMA = YES;
				CLANG_WARN_CONSTANT_CONVERSION = YES;
				CLANG_WARN_DEPRECATED_OBJC_IMPLEMENTATIONS = YES;
				CLANG_WARN_DIRECT_OBJC_ISA_USAGE = YES_ERROR;
				CLANG_WARN_DOCUMENTATION_COMMENTS = YES;
				CLANG_WARN_EMPTY_BODY = YES;
				CLANG_WARN_ENUM_CONVERSION = YES;
				CLANG_WARN_INFINITE_RECURSION = YES;
				CLANG_WARN_INT_CONVERSION = YES;
				CLANG_WARN_NON_LITERAL_NULL_CONVERSION = YES;
				CLANG_WARN_OBJC_IMPLICIT_RETAIN_SELF = YES;
				CLANG_WARN_OBJC_LITERAL_CONVERSION = YES;
				CLANG_WARN_OBJC_ROOT_CLASS = YES_ERROR;
				CLANG_WARN_QUOTED_INCLUDE_IN_FRAMEWORK_HEADER = YES;
				CLANG_WARN_RANGE_LOOP_ANALYSIS = YES;
				CLANG_WARN_STRICT_PROTOTYPES = YES;
				CLANG_WARN_SUSPICIOUS_MOVE = YES;
				CLANG_WARN_UNGUARDED_AVAILABILITY = YES_AGGRESSIVE;
				CLANG_WARN_UNREACHABLE_CODE = YES;
				CLANG_WARN__DUPLICATE_METHOD_MATCH = YES;
				COPY_PHASE_STRIP = NO;
				DEBUG_INFORMATION_FORMAT = "dwarf-with-dsym";
				ENABLE_NS_ASSERTIONS = NO;
				ENABLE_STRICT_OBJC_MSGSEND = YES;
				GCC_C_LANGUAGE_STANDARD = gnu11;
				GCC_NO_COMMON_BLOCKS = YES;
				GCC_WARN_64_TO_32_BIT_CONVERSION = YES;
				GCC_WARN_ABOUT_RETURN_TYPE = YES_ERROR;
				GCC_WARN_UNDECLARED_SELECTOR = YES;
				GCC_WARN_UNINITIALIZED_AUTOS = YES_AGGRESSIVE;
				GCC_WARN_UNUSED_FUNCTION = YES;
				GCC_WARN_UNUSED_VARIABLE = YES;
				MTL_ENABLE_DEBUG_INFO = NO;
				MTL_FAST_MATH = YES;
				SWIFT_COMPILATION_MODE = wholemodule;
				SWIFT_OPTIMIZATION_LEVEL = "-O";
			};
			name = Release;
		};
		60412812298DF40900BE1143 /* Debug */ = {
			isa = XCBuildConfiguration;
			buildSettings = {
				ASSETCATALOG_COMPILER_APPICON_NAME = AppIcon;
				ASSETCATALOG_COMPILER_GLOBAL_ACCENT_COLOR_NAME = AccentColor;
				CODE_SIGN_ENTITLEMENTS = "friendly-spork/friendly_spork.entitlements";
				CODE_SIGN_STYLE = Automatic;
				CURRENT_PROJECT_VERSION = 1;
				DEVELOPMENT_ASSET_PATHS = "\"friendly-spork/Preview Content\"";
				DEVELOPMENT_TEAM = 6J46PX2924;
				ENABLE_HARDENED_RUNTIME = YES;
				ENABLE_PREVIEWS = YES;
				GENERATE_INFOPLIST_FILE = YES;
				"INFOPLIST_KEY_UIApplicationSceneManifest_Generation[sdk=iphoneos*]" = YES;
				"INFOPLIST_KEY_UIApplicationSceneManifest_Generation[sdk=iphonesimulator*]" = YES;
				"INFOPLIST_KEY_UIApplicationSupportsIndirectInputEvents[sdk=iphoneos*]" = YES;
				"INFOPLIST_KEY_UIApplicationSupportsIndirectInputEvents[sdk=iphonesimulator*]" = YES;
				"INFOPLIST_KEY_UILaunchScreen_Generation[sdk=iphoneos*]" = YES;
				"INFOPLIST_KEY_UILaunchScreen_Generation[sdk=iphonesimulator*]" = YES;
				"INFOPLIST_KEY_UIStatusBarStyle[sdk=iphoneos*]" = UIStatusBarStyleDefault;
				"INFOPLIST_KEY_UIStatusBarStyle[sdk=iphonesimulator*]" = UIStatusBarStyleDefault;
				INFOPLIST_KEY_UISupportedInterfaceOrientations_iPad = "UIInterfaceOrientationPortrait UIInterfaceOrientationPortraitUpsideDown UIInterfaceOrientationLandscapeLeft UIInterfaceOrientationLandscapeRight";
				INFOPLIST_KEY_UISupportedInterfaceOrientations_iPhone = "UIInterfaceOrientationPortrait UIInterfaceOrientationLandscapeLeft UIInterfaceOrientationLandscapeRight";
				IPHONEOS_DEPLOYMENT_TARGET = 16.2;
				LD_RUNPATH_SEARCH_PATHS = "@executable_path/Frameworks";
				"LD_RUNPATH_SEARCH_PATHS[sdk=macosx*]" = "@executable_path/../Frameworks";
				MACOSX_DEPLOYMENT_TARGET = 12.5;
				MARKETING_VERSION = 1.0;
				PRODUCT_BUNDLE_IDENTIFIER = "dev.jamesfurlong.friendly-spork";
				PRODUCT_NAME = "$(TARGET_NAME)";
				SDKROOT = auto;
				SUPPORTED_PLATFORMS = "iphoneos iphonesimulator macosx";
				SWIFT_EMIT_LOC_STRINGS = YES;
				SWIFT_VERSION = 5.0;
				TARGETED_DEVICE_FAMILY = "1,2";
			};
			name = Debug;
		};
		60412813298DF40900BE1143 /* Release */ = {
			isa = XCBuildConfiguration;
			buildSettings = {
				ASSETCATALOG_COMPILER_APPICON_NAME = AppIcon;
				ASSETCATALOG_COMPILER_GLOBAL_ACCENT_COLOR_NAME = AccentColor;
				CODE_SIGN_ENTITLEMENTS = "friendly-spork/friendly_spork.entitlements";
				CODE_SIGN_STYLE = Automatic;
				CURRENT_PROJECT_VERSION = 1;
				DEVELOPMENT_ASSET_PATHS = "\"friendly-spork/Preview Content\"";
				DEVELOPMENT_TEAM = 6J46PX2924;
				ENABLE_HARDENED_RUNTIME = YES;
				ENABLE_PREVIEWS = YES;
				GENERATE_INFOPLIST_FILE = YES;
				"INFOPLIST_KEY_UIApplicationSceneManifest_Generation[sdk=iphoneos*]" = YES;
				"INFOPLIST_KEY_UIApplicationSceneManifest_Generation[sdk=iphonesimulator*]" = YES;
				"INFOPLIST_KEY_UIApplicationSupportsIndirectInputEvents[sdk=iphoneos*]" = YES;
				"INFOPLIST_KEY_UIApplicationSupportsIndirectInputEvents[sdk=iphonesimulator*]" = YES;
				"INFOPLIST_KEY_UILaunchScreen_Generation[sdk=iphoneos*]" = YES;
				"INFOPLIST_KEY_UILaunchScreen_Generation[sdk=iphonesimulator*]" = YES;
				"INFOPLIST_KEY_UIStatusBarStyle[sdk=iphoneos*]" = UIStatusBarStyleDefault;
				"INFOPLIST_KEY_UIStatusBarStyle[sdk=iphonesimulator*]" = UIStatusBarStyleDefault;
				INFOPLIST_KEY_UISupportedInterfaceOrientations_iPad = "UIInterfaceOrientationPortrait UIInterfaceOrientationPortraitUpsideDown UIInterfaceOrientationLandscapeLeft UIInterfaceOrientationLandscapeRight";
				INFOPLIST_KEY_UISupportedInterfaceOrientations_iPhone = "UIInterfaceOrientationPortrait UIInterfaceOrientationLandscapeLeft UIInterfaceOrientationLandscapeRight";
				IPHONEOS_DEPLOYMENT_TARGET = 16.2;
				LD_RUNPATH_SEARCH_PATHS = "@executable_path/Frameworks";
				"LD_RUNPATH_SEARCH_PATHS[sdk=macosx*]" = "@executable_path/../Frameworks";
				MACOSX_DEPLOYMENT_TARGET = 12.5;
				MARKETING_VERSION = 1.0;
				PRODUCT_BUNDLE_IDENTIFIER = "dev.jamesfurlong.friendly-spork";
				PRODUCT_NAME = "$(TARGET_NAME)";
				SDKROOT = auto;
				SUPPORTED_PLATFORMS = "iphoneos iphonesimulator macosx";
				SWIFT_EMIT_LOC_STRINGS = YES;
				SWIFT_VERSION = 5.0;
				TARGETED_DEVICE_FAMILY = "1,2";
			};
			name = Release;
		};
/* End XCBuildConfiguration section */

/* Begin XCConfigurationList section */
		604127FD298DF40800BE1143 /* Build configuration list for PBXProject "friendly-spork" */ = {
			isa = XCConfigurationList;
			buildConfigurations = (
				6041280F298DF40900BE1143 /* Debug */,
				60412810298DF40900BE1143 /* Release */,
			);
			defaultConfigurationIsVisible = 0;
			defaultConfigurationName = Release;
		};
		60412811298DF40900BE1143 /* Build configuration list for PBXNativeTarget "friendly-spork" */ = {
			isa = XCConfigurationList;
			buildConfigurations = (
				60412812298DF40900BE1143 /* Debug */,
				60412813298DF40900BE1143 /* Release */,
			);
			defaultConfigurationIsVisible = 0;
			defaultConfigurationName = Release;
		};
/* End XCConfigurationList section */
	};
	rootObject = 604127FA298DF40800BE1143 /* Project object */;
}
